lockfileVersion: '9.0'

settings:
  autoInstallPeers: true
  excludeLinksFromLockfile: false

importers:

  .:
    dependencies:
      '@mediapipe/tasks-vision':
        specifier: 0.10.35
        version: 0.10.35

packages:

  '@mediapipe/tasks-vision@0.10.35':
    resolution: {integrity: sha512-HOvadwVRE6JC+45nyYhmnywnr5h/J8KZvOeUNVOG9q/0875pZgItznFB9bRTvLc264YSJqiZ1NsIpCStJw/egg==}

snapshots:

  '@mediapipe/tasks-vision@0.10.35': {}
